// !$*UTF8*$!
{
	archiveVersion = 1;
	classes = {
	};
	objectVersion = 56;
	objects = {

/* Begin PBXBuildFile section */
		AF477B532B929C7200C013D8 /* playlist_localizerApp.swift in Sources */ = {isa = PBXBuildFile; fileRef = AF477B522B929C7200C013D8 /* playlist_localizerApp.swift */; };
		AF477B552B929C7200C013D8 /* ContentView.swift in Sources */ = {isa = PBXBuildFile; fileRef = AF477B542B929C7200C013D8 /* ContentView.swift */; };
		AF477B572B929C7400C013D8 /* Assets.xcassets in Resources */ = {isa = PBXBuildFile; fileRef = AF477B562B929C7400C013D8 /* Assets.xcassets */; };
		AF477B5B2B929C7400C013D8 /* Preview Assets.xcassets in Resources */ = {isa = PBXBuildFile; fileRef = AF477B5A2B929C7400C013D8 /* Preview Assets.xcassets */; };
		AF477B652B929C7400C013D8 /* playlist_localizerTests.swift in Sources */ = {isa = PBXBuildFile; fileRef = AF477B642B929C7400C013D8 /* playlist_localizerTests.swift */; };
		AF477B6F2B929C7400C013D8 /* playlist_localizerUITests.swift in Sources */ = {isa = PBXBuildFile; fileRef = AF477B6E2B929C7400C013D8 /* playlist_localizerUITests.swift */; };
		AF477B712B929C7400C013D8 /* playlist_localizerUITestsLaunchTests.swift in Sources */ = {isa = PBXBuildFile; fileRef = AF477B702B929C7400C013D8 /* playlist_localizerUITestsLaunchTests.swift */; };
		AF477B7F2B929CA200C013D8 /* PythonKit in Frameworks */ = {isa = PBXBuildFile; productRef = AF477B7E2B929CA200C013D8 /* PythonKit */; };
/* End PBXBuildFile section */

/* Begin PBXContainerItemProxy section */
		AF477B612B929C7400C013D8 /* PBXContainerItemProxy */ = {
			isa = PBXContainerItemProxy;
			containerPortal = AF477B472B929C7200C013D8 /* Project object */;
			proxyType = 1;
			remoteGlobalIDString = AF477B4E2B929C7200C013D8;
			remoteInfo = "playlist-localizer";
		};
		AF477B6B2B929C7400C013D8 /* PBXContainerItemProxy */ = {
			isa = PBXContainerItemProxy;
			containerPortal = AF477B472B929C7200C013D8 /* Project object */;
			proxyType = 1;
			remoteGlobalIDString = AF477B4E2B929C7200C013D8;
			remoteInfo = "playlist-localizer";
		};
/* End PBXContainerItemProxy section */

/* Begin PBXFileReference section */
		AF477B4F2B929C7200C013D8 /* playlist-localizer.app */ = {isa = PBXFileReference; explicitFileType = wrapper.application; includeInIndex = 0; path = "playlist-localizer.app"; sourceTree = BUILT_PRODUCTS_DIR; };
		AF477B522B929C7200C013D8 /* playlist_localizerApp.swift */ = {isa = PBXFileReference; lastKnownFileType = sourcecode.swift; path = playlist_localizerApp.swift; sourceTree = "<group>"; };
		AF477B542B929C7200C013D8 /* ContentView.swift */ = {isa = PBXFileReference; lastKnownFileType = sourcecode.swift; path = ContentView.swift; sourceTree = "<group>"; };
		AF477B562B929C7400C013D8 /* Assets.xcassets */ = {isa = PBXFileReference; lastKnownFileType = folder.assetcatalog; path = Assets.xcassets; sourceTree = "<group>"; };
		AF477B582B929C7400C013D8 /* playlist_localizer.entitlements */ = {isa = PBXFileReference; lastKnownFileType = text.plist.entitlements; path = playlist_localizer.entitlements; sourceTree = "<group>"; };
		AF477B5A2B929C7400C013D8 /* Preview Assets.xcassets */ = {isa = PBXFileReference; lastKnownFileType = folder.assetcatalog; path = "Preview Assets.xcassets"; sourceTree = "<group>"; };
		AF477B602B929C7400C013D8 /* playlist-localizerTests.xctest */ = {isa = PBXFileReference; explicitFileType = wrapper.cfbundle; includeInIndex = 0; path = "playlist-localizerTests.xctest"; sourceTree = BUILT_PRODUCTS_DIR; };
		AF477B642B929C7400C013D8 /* playlist_localizerTests.swift */ = {isa = PBXFileReference; lastKnownFileType = sourcecode.swift; path = playlist_localizerTests.swift; sourceTree = "<group>"; };
		AF477B6A2B929C7400C013D8 /* playlist-localizerUITests.xctest */ = {isa = PBXFileReference; explicitFileType = wrapper.cfbundle; includeInIndex = 0; path = "playlist-localizerUITests.xctest"; sourceTree = BUILT_PRODUCTS_DIR; };
		AF477B6E2B929C7400C013D8 /* playlist_localizerUITests.swift */ = {isa = PBXFileReference; lastKnownFileType = sourcecode.swift; path = playlist_localizerUITests.swift; sourceTree = "<group>"; };
		AF477B702B929C7400C013D8 /* playlist_localizerUITestsLaunchTests.swift */ = {isa = PBXFileReference; lastKnownFileType = sourcecode.swift; path = playlist_localizerUITestsLaunchTests.swift; sourceTree = "<group>"; };
/* End PBXFileReference section */

/* Begin PBXFrameworksBuildPhase section */
		AF477B4C2B929C7200C013D8 /* Frameworks */ = {
			isa = PBXFrameworksBuildPhase;
			buildActionMask = 2147483647;
			files = (
				AF477B7F2B929CA200C013D8 /* PythonKit in Frameworks */,
			);
			runOnlyForDeploymentPostprocessing = 0;
		};
		AF477B5D2B929C7400C013D8 /* Frameworks */ = {
			isa = PBXFrameworksBuildPhase;
			buildActionMask = 2147483647;
			files = (
			);
			runOnlyForDeploymentPostprocessing = 0;
		};
		AF477B672B929C7400C013D8 /* Frameworks */ = {
			isa = PBXFrameworksBuildPhase;
			buildActionMask = 2147483647;
			files = (
			);
			runOnlyForDeploymentPostprocessing = 0;
		};
/* End PBXFrameworksBuildPhase section */

/* Begin PBXGroup section */
		AF477B462B929C7200C013D8 = {
			isa = PBXGroup;
			children = (
				AF477B512B929C7200C013D8 /* playlist-localizer */,
				AF477B632B929C7400C013D8 /* playlist-localizerTests */,
				AF477B6D2B929C7400C013D8 /* playlist-localizerUITests */,
				AF477B502B929C7200C013D8 /* Products */,
			);
			sourceTree = "<group>";
		};
		AF477B502B929C7200C013D8 /* Products */ = {
			isa = PBXGroup;
			children = (
				AF477B4F2B929C7200C013D8 /* playlist-localizer.app */,
				AF477B602B929C7400C013D8 /* playlist-localizerTests.xctest */,
				AF477B6A2B929C7400C013D8 /* playlist-localizerUITests.xctest */,
			);
			name = Products;
			sourceTree = "<group>";
		};
		AF477B512B929C7200C013D8 /* playlist-localizer */ = {
			isa = PBXGroup;
			children = (
				AF477B522B929C7200C013D8 /* playlist_localizerApp.swift */,
				AF477B542B929C7200C013D8 /* ContentView.swift */,
				AF477B562B929C7400C013D8 /* Assets.xcassets */,
				AF477B582B929C7400C013D8 /* playlist_localizer.entitlements */,
				AF477B592B929C7400C013D8 /* Preview Content */,
			);
			path = "playlist-localizer";
			sourceTree = "<group>";
		};
		AF477B592B929C7400C013D8 /* Preview Content */ = {
			isa = PBXGroup;
			children = (
				AF477B5A2B929C7400C013D8 /* Preview Assets.xcassets */,
			);
			path = "Preview Content";
			sourceTree = "<group>";
		};
		AF477B632B929C7400C013D8 /* playlist-localizerTests */ = {
			isa = PBXGroup;
			children = (
				AF477B642B929C7400C013D8 /* playlist_localizerTests.swift */,
			);
			path = "playlist-localizerTests";
			sourceTree = "<group>";
		};
		AF477B6D2B929C7400C013D8 /* playlist-localizerUITests */ = {
			isa = PBXGroup;
			children = (
				AF477B6E2B929C7400C013D8 /* playlist_localizerUITests.swift */,
				AF477B702B929C7400C013D8 /* playlist_localizerUITestsLaunchTests.swift */,
			);
			path = "playlist-localizerUITests";
			sourceTree = "<group>";
		};
/* End PBXGroup section */

/* Begin PBXNativeTarget section */
		AF477B4E2B929C7200C013D8 /* playlist-localizer */ = {
			isa = PBXNativeTarget;
			buildConfigurationList = AF477B742B929C7400C013D8 /* Build configuration list for PBXNativeTarget "playlist-localizer" */;
			buildPhases = (
				AF477B4B2B929C7200C013D8 /* Sources */,
				AF477B4C2B929C7200C013D8 /* Frameworks */,
				AF477B4D2B929C7200C013D8 /* Resources */,
			);
			buildRules = (
			);
			dependencies = (
			);
			name = "playlist-localizer";
			packageProductDependencies = (
				AF477B7E2B929CA200C013D8 /* PythonKit */,
			);
			productName = "playlist-localizer";
			productReference = AF477B4F2B929C7200C013D8 /* playlist-localizer.app */;
			productType = "com.apple.product-type.application";
		};
		AF477B5F2B929C7400C013D8 /* playlist-localizerTests */ = {
			isa = PBXNativeTarget;
			buildConfigurationList = AF477B772B929C7400C013D8 /* Build configuration list for PBXNativeTarget "playlist-localizerTests" */;
			buildPhases = (
				AF477B5C2B929C7400C013D8 /* Sources */,
				AF477B5D2B929C7400C013D8 /* Frameworks */,
				AF477B5E2B929C7400C013D8 /* Resources */,
			);
			buildRules = (
			);
			dependencies = (
				AF477B622B929C7400C013D8 /* PBXTargetDependency */,
			);
			name = "playlist-localizerTests";
			productName = "playlist-localizerTests";
			productReference = AF477B602B929C7400C013D8 /* playlist-localizerTests.xctest */;
			productType = "com.apple.product-type.bundle.unit-test";
		};
		AF477B692B929C7400C013D8 /* playlist-localizerUITests */ = {
			isa = PBXNativeTarget;
			buildConfigurationList = AF477B7A2B929C7400C013D8 /* Build configuration list for PBXNativeTarget "playlist-localizerUITests" */;
			buildPhases = (
				AF477B662B929C7400C013D8 /* Sources */,
				AF477B672B929C7400C013D8 /* Frameworks */,
				AF477B682B929C7400C013D8 /* Resources */,
			);
			buildRules = (
			);
			dependencies = (
				AF477B6C2B929C7400C013D8 /* PBXTargetDependency */,
			);
			name = "playlist-localizerUITests";
			productName = "playlist-localizerUITests";
			productReference = AF477B6A2B929C7400C013D8 /* playlist-localizerUITests.xctest */;
			productType = "com.apple.product-type.bundle.ui-testing";
		};
/* End PBXNativeTarget section */

/* Begin PBXProject section */
		AF477B472B929C7200C013D8 /* Project object */ = {
			isa = PBXProject;
			attributes = {
				BuildIndependentTargetsInParallel = 1;
				LastSwiftUpdateCheck = 1400;
				LastUpgradeCheck = 1400;
				TargetAttributes = {
					AF477B4E2B929C7200C013D8 = {
						CreatedOnToolsVersion = 14.0;
					};
					AF477B5F2B929C7400C013D8 = {
						CreatedOnToolsVersion = 14.0;
						TestTargetID = AF477B4E2B929C7200C013D8;
					};
					AF477B692B929C7400C013D8 = {
						CreatedOnToolsVersion = 14.0;
						TestTargetID = AF477B4E2B929C7200C013D8;
					};
				};
			};
			buildConfigurationList = AF477B4A2B929C7200C013D8 /* Build configuration list for PBXProject "playlist-localizer" */;
			compatibilityVersion = "Xcode 14.0";
			developmentRegion = en;
			hasScannedForEncodings = 0;
			knownRegions = (
				en,
				Base,
			);
			mainGroup = AF477B462B929C7200C013D8;
			packageReferences = (
				AF477B7D2B929CA200C013D8 /* XCRemoteSwiftPackageReference "PythonKit" */,
			);
			productRefGroup = AF477B502B929C7200C013D8 /* Products */;
			projectDirPath = "";
			projectRoot = "";
			targets = (
				AF477B4E2B929C7200C013D8 /* playlist-localizer */,
				AF477B5F2B929C7400C013D8 /* playlist-localizerTests */,
				AF477B692B929C7400C013D8 /* playlist-localizerUITests */,
			);
		};
/* End PBXProject section */

/* Begin PBXResourcesBuildPhase section */
		AF477B4D2B929C7200C013D8 /* Resources */ = {
			isa = PBXResourcesBuildPhase;
			buildActionMask = 2147483647;
			files = (
				AF477B5B2B929C7400C013D8 /* Preview Assets.xcassets in Resources */,
				AF477B572B929C7400C013D8 /* Assets.xcassets in Resources */,
			);
			runOnlyForDeploymentPostprocessing = 0;
		};
		AF477B5E2B929C7400C013D8 /* Resources */ = {
			isa = PBXResourcesBuildPhase;
			buildActionMask = 2147483647;
			files = (
			);
			runOnlyForDeploymentPostprocessing = 0;
		};
		AF477B682B929C7400C013D8 /* Resources */ = {
			isa = PBXResourcesBuildPhase;
			buildActionMask = 2147483647;
			files = (
			);
			runOnlyForDeploymentPostprocessing = 0;
		};
/* End PBXResourcesBuildPhase section */

/* Begin PBXSourcesBuildPhase section */
		AF477B4B2B929C7200C013D8 /* Sources */ = {
			isa = PBXSourcesBuildPhase;
			buildActionMask = 2147483647;
			files = (
				AF477B552B929C7200C013D8 /* ContentView.swift in Sources */,
				AF477B532B929C7200C013D8 /* playlist_localizerApp.swift in Sources */,
			);
			runOnlyForDeploymentPostprocessing = 0;
		};
		AF477B5C2B929C7400C013D8 /* Sources */ = {
			isa = PBXSourcesBuildPhase;
			buildActionMask = 2147483647;
			files = (
				AF477B652B929C7400C013D8 /* playlist_localizerTests.swift in Sources */,
			);
			runOnlyForDeploymentPostprocessing = 0;
		};
		AF477B662B929C7400C013D8 /* Sources */ = {
			isa = PBXSourcesBuildPhase;
			buildActionMask = 2147483647;
			files = (
				AF477B712B929C7400C013D8 /* playlist_localizerUITestsLaunchTests.swift in Sources */,
				AF477B6F2B929C7400C013D8 /* playlist_localizerUITests.swift in Sources */,
			);
			runOnlyForDeploymentPostprocessing = 0;
		};
/* End PBXSourcesBuildPhase section */

/* Begin PBXTargetDependency section */
		AF477B622B929C7400C013D8 /* PBXTargetDependency */ = {
			isa = PBXTargetDependency;
			target = AF477B4E2B929C7200C013D8 /* playlist-localizer */;
			targetProxy = AF477B612B929C7400C013D8 /* PBXContainerItemProxy */;
		};
		AF477B6C2B929C7400C013D8 /* PBXTargetDependency */ = {
			isa = PBXTargetDependency;
			target = AF477B4E2B929C7200C013D8 /* playlist-localizer */;
			targetProxy = AF477B6B2B929C7400C013D8 /* PBXContainerItemProxy */;
		};
/* End PBXTargetDependency section */

/* Begin XCBuildConfiguration section */
		AF477B722B929C7400C013D8 /* Debug */ = {
			isa = XCBuildConfiguration;
			buildSettings = {
				ALWAYS_SEARCH_USER_PATHS = NO;
				CLANG_ANALYZER_NONNULL = YES;
				CLANG_ANALYZER_NUMBER_OBJECT_CONVERSION = YES_AGGRESSIVE;
				CLANG_CXX_LANGUAGE_STANDARD = "gnu++20";
				CLANG_ENABLE_MODULES = YES;
				CLANG_ENABLE_OBJC_ARC = YES;
				CLANG_ENABLE_OBJC_WEAK = YES;
				CLANG_WARN_BLOCK_CAPTURE_AUTORELEASING = YES;
				CLANG_WARN_BOOL_CONVERSION = YES;
				CLANG_WARN_COMMA = YES;
				CLANG_WARN_CONSTANT_CONVERSION = YES;
				CLANG_WARN_DEPRECATED_OBJC_IMPLEMENTATIONS = YES;
				CLANG_WARN_DIRECT_OBJC_ISA_USAGE = YES_ERROR;
				CLANG_WARN_DOCUMENTATION_COMMENTS = YES;
				CLANG_WARN_EMPTY_BODY = YES;
				CLANG_WARN_ENUM_CONVERSION = YES;
				CLANG_WARN_INFINITE_RECURSION = YES;
				CLANG_WARN_INT_CONVERSION = YES;
				CLANG_WARN_NON_LITERAL_NULL_CONVERSION = YES;
				CLANG_WARN_OBJC_IMPLICIT_RETAIN_SELF = YES;
				CLANG_WARN_OBJC_LITERAL_CONVERSION = YES;
				CLANG_WARN_OBJC_ROOT_CLASS = YES_ERROR;
				CLANG_WARN_QUOTED_INCLUDE_IN_FRAMEWORK_HEADER = YES;
				CLANG_WARN_RANGE_LOOP_ANALYSIS = YES;
				CLANG_WARN_STRICT_PROTOTYPES = YES;
				CLANG_WARN_SUSPICIOUS_MOVE = YES;
				CLANG_WARN_UNGUARDED_AVAILABILITY = YES_AGGRESSIVE;
				CLANG_WARN_UNREACHABLE_CODE = YES;
				CLANG_WARN__DUPLICATE_METHOD_MATCH = YES;
				COPY_PHASE_STRIP = NO;
				DEBUG_INFORMATION_FORMAT = dwarf;
				ENABLE_STRICT_OBJC_MSGSEND = YES;
				ENABLE_TESTABILITY = YES;
				GCC_C_LANGUAGE_STANDARD = gnu11;
				GCC_DYNAMIC_NO_PIC = NO;
				GCC_NO_COMMON_BLOCKS = YES;
				GCC_OPTIMIZATION_LEVEL = 0;
				GCC_PREPROCESSOR_DEFINITIONS = (
					"DEBUG=1",
					"$(inherited)",
				);
				GCC_WARN_64_TO_32_BIT_CONVERSION = YES;
				GCC_WARN_ABOUT_RETURN_TYPE = YES_ERROR;
				GCC_WARN_UNDECLARED_SELECTOR = YES;
				GCC_WARN_UNINITIALIZED_AUTOS = YES_AGGRESSIVE;
				GCC_WARN_UNUSED_FUNCTION = YES;
				GCC_WARN_UNUSED_VARIABLE = YES;
				MTL_ENABLE_DEBUG_INFO = INCLUDE_SOURCE;
				MTL_FAST_MATH = YES;
				ONLY_ACTIVE_ARCH = YES;
				SWIFT_ACTIVE_COMPILATION_CONDITIONS = DEBUG;
				SWIFT_OPTIMIZATION_LEVEL = "-Onone";
			};
			name = Debug;
		};
		AF477B732B929C7400C013D8 /* Release */ = {
			isa = XCBuildConfiguration;
			buildSettings = {
				ALWAYS_SEARCH_USER_PATHS = NO;
				CLANG_ANALYZER_NONNULL = YES;
				CLANG_ANALYZER_NUMBER_OBJECT_CONVERSION = YES_AGGRESSIVE;
				CLANG_CXX_LANGUAGE_STANDARD = "gnu++20";
				CLANG_ENABLE_MODULES = YES;
				CLANG_ENABLE_OBJC_ARC = YES;
				CLANG_ENABLE_OBJC_WEAK = YES;
				CLANG_WARN_BLOCK_CAPTURE_AUTORELEASING = YES;
				CLANG_WARN_BOOL_CONVERSION = YES;
				CLANG_WARN_COMMA = YES;
				CLANG_WARN_CONSTANT_CONVERSION = YES;
				CLANG_WARN_DEPRECATED_OBJC_IMPLEMENTATIONS = YES;
				CLANG_WARN_DIRECT_OBJC_ISA_USAGE = YES_ERROR;
				CLANG_WARN_DOCUMENTATION_COMMENTS = YES;
				CLANG_WARN_EMPTY_BODY = YES;
				CLANG_WARN_ENUM_CONVERSION = YES;
				CLANG_WARN_INFINITE_RECURSION = YES;
				CLANG_WARN_INT_CONVERSION = YES;
				CLANG_WARN_NON_LITERAL_NULL_CONVERSION = YES;
				CLANG_WARN_OBJC_IMPLICIT_RETAIN_SELF = YES;
				CLANG_WARN_OBJC_LITERAL_CONVERSION = YES;
				CLANG_WARN_OBJC_ROOT_CLASS = YES_ERROR;
				CLANG_WARN_QUOTED_INCLUDE_IN_FRAMEWORK_HEADER = YES;
				CLANG_WARN_RANGE_LOOP_ANALYSIS = YES;
				CLANG_WARN_STRICT_PROTOTYPES = YES;
				CLANG_WARN_SUSPICIOUS_MOVE = YES;
				CLANG_WARN_UNGUARDED_AVAILABILITY = YES_AGGRESSIVE;
				CLANG_WARN_UNREACHABLE_CODE = YES;
				CLANG_WARN__DUPLICATE_METHOD_MATCH = YES;
				COPY_PHASE_STRIP = NO;
				DEBUG_INFORMATION_FORMAT = "dwarf-with-dsym";
				ENABLE_NS_ASSERTIONS = NO;
				ENABLE_STRICT_OBJC_MSGSEND = YES;
				GCC_C_LANGUAGE_STANDARD = gnu11;
				GCC_NO_COMMON_BLOCKS = YES;
				GCC_WARN_64_TO_32_BIT_CONVERSION = YES;
				GCC_WARN_ABOUT_RETURN_TYPE = YES_ERROR;
				GCC_WARN_UNDECLARED_SELECTOR = YES;
				GCC_WARN_UNINITIALIZED_AUTOS = YES_AGGRESSIVE;
				GCC_WARN_UNUSED_FUNCTION = YES;
				GCC_WARN_UNUSED_VARIABLE = YES;
				MTL_ENABLE_DEBUG_INFO = NO;
				MTL_FAST_MATH = YES;
				SWIFT_COMPILATION_MODE = wholemodule;
				SWIFT_OPTIMIZATION_LEVEL = "-O";
			};
			name = Release;
		};
		AF477B752B929C7400C013D8 /* Debug */ = {
			isa = XCBuildConfiguration;
			buildSettings = {
				ASSETCATALOG_COMPILER_APPICON_NAME = AppIcon;
				ASSETCATALOG_COMPILER_GLOBAL_ACCENT_COLOR_NAME = AccentColor;
				CODE_SIGN_ENTITLEMENTS = "playlist-localizer/playlist_localizer.entitlements";
				CODE_SIGN_STYLE = Automatic;
				CURRENT_PROJECT_VERSION = 1;
				DEVELOPMENT_ASSET_PATHS = "\"playlist-localizer/Preview Content\"";
				DEVELOPMENT_TEAM = T4FSA2B9WN;
				ENABLE_HARDENED_RUNTIME = YES;
				ENABLE_PREVIEWS = YES;
				GENERATE_INFOPLIST_FILE = YES;
				"INFOPLIST_KEY_UIApplicationSceneManifest_Generation[sdk=iphoneos*]" = YES;
				"INFOPLIST_KEY_UIApplicationSceneManifest_Generation[sdk=iphonesimulator*]" = YES;
				"INFOPLIST_KEY_UIApplicationSupportsIndirectInputEvents[sdk=iphoneos*]" = YES;
				"INFOPLIST_KEY_UIApplicationSupportsIndirectInputEvents[sdk=iphonesimulator*]" = YES;
				"INFOPLIST_KEY_UILaunchScreen_Generation[sdk=iphoneos*]" = YES;
				"INFOPLIST_KEY_UILaunchScreen_Generation[sdk=iphonesimulator*]" = YES;
				"INFOPLIST_KEY_UIStatusBarStyle[sdk=iphoneos*]" = UIStatusBarStyleDefault;
				"INFOPLIST_KEY_UIStatusBarStyle[sdk=iphonesimulator*]" = UIStatusBarStyleDefault;
				INFOPLIST_KEY_UISupportedInterfaceOrientations_iPad = "UIInterfaceOrientationPortrait UIInterfaceOrientationPortraitUpsideDown UIInterfaceOrientationLandscapeLeft UIInterfaceOrientationLandscapeRight";
				INFOPLIST_KEY_UISupportedInterfaceOrientations_iPhone = "UIInterfaceOrientationPortrait UIInterfaceOrientationLandscapeLeft UIInterfaceOrientationLandscapeRight";
				IPHONEOS_DEPLOYMENT_TARGET = 16.0;
				LD_RUNPATH_SEARCH_PATHS = "@executable_path/Frameworks";
				"LD_RUNPATH_SEARCH_PATHS[sdk=macosx*]" = "@executable_path/../Frameworks";
				MACOSX_DEPLOYMENT_TARGET = 12.3;
				MARKETING_VERSION = 1.0;
				PRODUCT_BUNDLE_IDENTIFIER = "com.Pods.playlist-localizer";
				PRODUCT_NAME = "$(TARGET_NAME)";
				SDKROOT = auto;
				SUPPORTED_PLATFORMS = "iphoneos iphonesimulator macosx";
				SWIFT_EMIT_LOC_STRINGS = YES;
				SWIFT_VERSION = 5.0;
				TARGETED_DEVICE_FAMILY = "1,2";
			};
			name = Debug;
		};
		AF477B762B929C7400C013D8 /* Release */ = {
			isa = XCBuildConfiguration;
			buildSettings = {
				ASSETCATALOG_COMPILER_APPICON_NAME = AppIcon;
				ASSETCATALOG_COMPILER_GLOBAL_ACCENT_COLOR_NAME = AccentColor;
				CODE_SIGN_ENTITLEMENTS = "playlist-localizer/playlist_localizer.entitlements";
				CODE_SIGN_STYLE = Automatic;
				CURRENT_PROJECT_VERSION = 1;
				DEVELOPMENT_ASSET_PATHS = "\"playlist-localizer/Preview Content\"";
				DEVELOPMENT_TEAM = T4FSA2B9WN;
				ENABLE_HARDENED_RUNTIME = YES;
				ENABLE_PREVIEWS = YES;
				GENERATE_INFOPLIST_FILE = YES;
				"INFOPLIST_KEY_UIApplicationSceneManifest_Generation[sdk=iphoneos*]" = YES;
				"INFOPLIST_KEY_UIApplicationSceneManifest_Generation[sdk=iphonesimulator*]" = YES;
				"INFOPLIST_KEY_UIApplicationSupportsIndirectInputEvents[sdk=iphoneos*]" = YES;
				"INFOPLIST_KEY_UIApplicationSupportsIndirectInputEvents[sdk=iphonesimulator*]" = YES;
				"INFOPLIST_KEY_UILaunchScreen_Generation[sdk=iphoneos*]" = YES;
				"INFOPLIST_KEY_UILaunchScreen_Generation[sdk=iphonesimulator*]" = YES;
				"INFOPLIST_KEY_UIStatusBarStyle[sdk=iphoneos*]" = UIStatusBarStyleDefault;
				"INFOPLIST_KEY_UIStatusBarStyle[sdk=iphonesimulator*]" = UIStatusBarStyleDefault;
				INFOPLIST_KEY_UISupportedInterfaceOrientations_iPad = "UIInterfaceOrientationPortrait UIInterfaceOrientationPortraitUpsideDown UIInterfaceOrientationLandscapeLeft UIInterfaceOrientationLandscapeRight";
				INFOPLIST_KEY_UISupportedInterfaceOrientations_iPhone = "UIInterfaceOrientationPortrait UIInterfaceOrientationLandscapeLeft UIInterfaceOrientationLandscapeRight";
				IPHONEOS_DEPLOYMENT_TARGET = 16.0;
				LD_RUNPATH_SEARCH_PATHS = "@executable_path/Frameworks";
				"LD_RUNPATH_SEARCH_PATHS[sdk=macosx*]" = "@executable_path/../Frameworks";
				MACOSX_DEPLOYMENT_TARGET = 12.3;
				MARKETING_VERSION = 1.0;
				PRODUCT_BUNDLE_IDENTIFIER = "com.Pods.playlist-localizer";
				PRODUCT_NAME = "$(TARGET_NAME)";
				SDKROOT = auto;
				SUPPORTED_PLATFORMS = "iphoneos iphonesimulator macosx";
				SWIFT_EMIT_LOC_STRINGS = YES;
				SWIFT_VERSION = 5.0;
				TARGETED_DEVICE_FAMILY = "1,2";
			};
			name = Release;
		};
		AF477B782B929C7400C013D8 /* Debug */ = {
			isa = XCBuildConfiguration;
			buildSettings = {
				ALWAYS_EMBED_SWIFT_STANDARD_LIBRARIES = YES;
				BUNDLE_LOADER = "$(TEST_HOST)";
				CODE_SIGN_STYLE = Automatic;
				CURRENT_PROJECT_VERSION = 1;
				DEVELOPMENT_TEAM = T4FSA2B9WN;
				GENERATE_INFOPLIST_FILE = YES;
				IPHONEOS_DEPLOYMENT_TARGET = 16.0;
				MACOSX_DEPLOYMENT_TARGET = 12.3;
				MARKETING_VERSION = 1.0;
				PRODUCT_BUNDLE_IDENTIFIER = "com.Pods.playlist-localizerTests";
				PRODUCT_NAME = "$(TARGET_NAME)";
				SDKROOT = auto;
				SUPPORTED_PLATFORMS = "iphoneos iphonesimulator macosx";
				SWIFT_EMIT_LOC_STRINGS = NO;
				SWIFT_VERSION = 5.0;
				TARGETED_DEVICE_FAMILY = "1,2";
				TEST_HOST = "$(BUILT_PRODUCTS_DIR)/playlist-localizer.app/$(BUNDLE_EXECUTABLE_FOLDER_PATH)/playlist-localizer";
			};
			name = Debug;
		};
		AF477B792B929C7400C013D8 /* Release */ = {
			isa = XCBuildConfiguration;
			buildSettings = {
				ALWAYS_EMBED_SWIFT_STANDARD_LIBRARIES = YES;
				BUNDLE_LOADER = "$(TEST_HOST)";
				CODE_SIGN_STYLE = Automatic;
				CURRENT_PROJECT_VERSION = 1;
				DEVELOPMENT_TEAM = T4FSA2B9WN;
				GENERATE_INFOPLIST_FILE = YES;
				IPHONEOS_DEPLOYMENT_TARGET = 16.0;
				MACOSX_DEPLOYMENT_TARGET = 12.3;
				MARKETING_VERSION = 1.0;
				PRODUCT_BUNDLE_IDENTIFIER = "com.Pods.playlist-localizerTests";
				PRODUCT_NAME = "$(TARGET_NAME)";
				SDKROOT = auto;
				SUPPORTED_PLATFORMS = "iphoneos iphonesimulator macosx";
				SWIFT_EMIT_LOC_STRINGS = NO;
				SWIFT_VERSION = 5.0;
				TARGETED_DEVICE_FAMILY = "1,2";
				TEST_HOST = "$(BUILT_PRODUCTS_DIR)/playlist-localizer.app/$(BUNDLE_EXECUTABLE_FOLDER_PATH)/playlist-localizer";
			};
			name = Release;
		};
		AF477B7B2B929C7400C013D8 /* Debug */ = {
			isa = XCBuildConfiguration;
			buildSettings = {
				ALWAYS_EMBED_SWIFT_STANDARD_LIBRARIES = YES;
				CODE_SIGN_STYLE = Automatic;
				CURRENT_PROJECT_VERSION = 1;
				DEVELOPMENT_TEAM = T4FSA2B9WN;
				GENERATE_INFOPLIST_FILE = YES;
				IPHONEOS_DEPLOYMENT_TARGET = 16.0;
				MACOSX_DEPLOYMENT_TARGET = 12.3;
				MARKETING_VERSION = 1.0;
				PRODUCT_BUNDLE_IDENTIFIER = "com.Pods.playlist-localizerUITests";
				PRODUCT_NAME = "$(TARGET_NAME)";
				SDKROOT = auto;
				SUPPORTED_PLATFORMS = "iphoneos iphonesimulator macosx";
				SWIFT_EMIT_LOC_STRINGS = NO;
				SWIFT_VERSION = 5.0;
				TARGETED_DEVICE_FAMILY = "1,2";
				TEST_TARGET_NAME = "playlist-localizer";
			};
			name = Debug;
		};
		AF477B7C2B929C7400C013D8 /* Release */ = {
			isa = XCBuildConfiguration;
			buildSettings = {
				ALWAYS_EMBED_SWIFT_STANDARD_LIBRARIES = YES;
				CODE_SIGN_STYLE = Automatic;
				CURRENT_PROJECT_VERSION = 1;
				DEVELOPMENT_TEAM = T4FSA2B9WN;
				GENERATE_INFOPLIST_FILE = YES;
				IPHONEOS_DEPLOYMENT_TARGET = 16.0;
				MACOSX_DEPLOYMENT_TARGET = 12.3;
				MARKETING_VERSION = 1.0;
				PRODUCT_BUNDLE_IDENTIFIER = "com.Pods.playlist-localizerUITests";
				PRODUCT_NAME = "$(TARGET_NAME)";
				SDKROOT = auto;
				SUPPORTED_PLATFORMS = "iphoneos iphonesimulator macosx";
				SWIFT_EMIT_LOC_STRINGS = NO;
				SWIFT_VERSION = 5.0;
				TARGETED_DEVICE_FAMILY = "1,2";
				TEST_TARGET_NAME = "playlist-localizer";
			};
			name = Release;
		};
/* End XCBuildConfiguration section */

/* Begin XCConfigurationList section */
		AF477B4A2B929C7200C013D8 /* Build configuration list for PBXProject "playlist-localizer" */ = {
			isa = XCConfigurationList;
			buildConfigurations = (
				AF477B722B929C7400C013D8 /* Debug */,
				AF477B732B929C7400C013D8 /* Release */,
			);
			defaultConfigurationIsVisible = 0;
			defaultConfigurationName = Release;
		};
		AF477B742B929C7400C013D8 /* Build configuration list for PBXNativeTarget "playlist-localizer" */ = {
			isa = XCConfigurationList;
			buildConfigurations = (
				AF477B752B929C7400C013D8 /* Debug */,
				AF477B762B929C7400C013D8 /* Release */,
			);
			defaultConfigurationIsVisible = 0;
			defaultConfigurationName = Release;
		};
		AF477B772B929C7400C013D8 /* Build configuration list for PBXNativeTarget "playlist-localizerTests" */ = {
			isa = XCConfigurationList;
			buildConfigurations = (
				AF477B782B929C7400C013D8 /* Debug */,
				AF477B792B929C7400C013D8 /* Release */,
			);
			defaultConfigurationIsVisible = 0;
			defaultConfigurationName = Release;
		};
		AF477B7A2B929C7400C013D8 /* Build configuration list for PBXNativeTarget "playlist-localizerUITests" */ = {
			isa = XCConfigurationList;
			buildConfigurations = (
				AF477B7B2B929C7400C013D8 /* Debug */,
				AF477B7C2B929C7400C013D8 /* Release */,
			);
			defaultConfigurationIsVisible = 0;
			defaultConfigurationName = Release;
		};
/* End XCConfigurationList section */

/* Begin XCRemoteSwiftPackageReference section */
		AF477B7D2B929CA200C013D8 /* XCRemoteSwiftPackageReference "PythonKit" */ = {
			isa = XCRemoteSwiftPackageReference;
			repositoryURL = "https://github.com/pvieito/PythonKit.git";
			requirement = {
				branch = master;
				kind = branch;
			};
		};
/* End XCRemoteSwiftPackageReference section */

/* Begin XCSwiftPackageProductDependency section */
		AF477B7E2B929CA200C013D8 /* PythonKit */ = {
			isa = XCSwiftPackageProductDependency;
			package = AF477B7D2B929CA200C013D8 /* XCRemoteSwiftPackageReference "PythonKit" */;
			productName = PythonKit;
		};
/* End XCSwiftPackageProductDependency section */
	};
	rootObject = AF477B472B929C7200C013D8 /* Project object */;
}
